// !$*UTF8*$!
{
	archiveVersion = 1;
	classes = {
	};
	objectVersion = 51;
	objects = {

/* Begin PBXBuildFile section */
		7E05591DCDB40E7B1C561530 /* Pods_OKR_ListTests.framework in Frameworks */ = {isa = PBXBuildFile; fileRef = 98636F30A6B10E8FEDF3CBC3 /* Pods_OKR_ListTests.framework */; };
		953A18B9349C4B8F64AA1834 /* Pods_OKR_List.framework in Frameworks */ = {isa = PBXBuildFile; fileRef = 0346FE98D3D2CCCBC6DC63D0 /* Pods_OKR_List.framework */; };
		A267804E2189AADD00ACC097 /* AppDelegate.swift in Sources */ = {isa = PBXBuildFile; fileRef = A267804D2189AADD00ACC097 /* AppDelegate.swift */; };
		A26780502189AADD00ACC097 /* ViewController.swift in Sources */ = {isa = PBXBuildFile; fileRef = A267804F2189AADD00ACC097 /* ViewController.swift */; };
		A26780532189AADD00ACC097 /* Main.storyboard in Resources */ = {isa = PBXBuildFile; fileRef = A26780512189AADD00ACC097 /* Main.storyboard */; };
		A26780552189AADF00ACC097 /* Assets.xcassets in Resources */ = {isa = PBXBuildFile; fileRef = A26780542189AADF00ACC097 /* Assets.xcassets */; };
		A26780582189AADF00ACC097 /* LaunchScreen.storyboard in Resources */ = {isa = PBXBuildFile; fileRef = A26780562189AADF00ACC097 /* LaunchScreen.storyboard */; };
		A26780632189AADF00ACC097 /* OKR_ListTests.swift in Sources */ = {isa = PBXBuildFile; fileRef = A26780622189AADF00ACC097 /* OKR_ListTests.swift */; };
		A267806E2189AADF00ACC097 /* OKR_ListUITests.swift in Sources */ = {isa = PBXBuildFile; fileRef = A267806D2189AADF00ACC097 /* OKR_ListUITests.swift */; };
		A26780812189CEE200ACC097 /* Constants.swift in Sources */ = {isa = PBXBuildFile; fileRef = A26780802189CEE200ACC097 /* Constants.swift */; };
		A26780832189CF9B00ACC097 /* Localizable.strings in Resources */ = {isa = PBXBuildFile; fileRef = A26780822189CF9B00ACC097 /* Localizable.strings */; };
		A26780852189CFAE00ACC097 /* Strings.swift in Sources */ = {isa = PBXBuildFile; fileRef = A26780842189CFAE00ACC097 /* Strings.swift */; };
		A26780882189D00B00ACC097 /* UIApplication+Extensions.swift in Sources */ = {isa = PBXBuildFile; fileRef = A26780872189D00B00ACC097 /* UIApplication+Extensions.swift */; };
		A267808B2189D03A00ACC097 /* Logger.swift in Sources */ = {isa = PBXBuildFile; fileRef = A267808A2189D03A00ACC097 /* Logger.swift */; };
		A267808E2189D06A00ACC097 /* User.swift in Sources */ = {isa = PBXBuildFile; fileRef = A267808D2189D06A00ACC097 /* User.swift */; };
		A26780922189D10E00ACC097 /* StorageManager.swift in Sources */ = {isa = PBXBuildFile; fileRef = A26780912189D10E00ACC097 /* StorageManager.swift */; };
		A26780962189D2E100ACC097 /* BaseViewController.swift in Sources */ = {isa = PBXBuildFile; fileRef = A26780952189D2E100ACC097 /* BaseViewController.swift */; };
		A267809A2189D32600ACC097 /* XibLoadableView.swift in Sources */ = {isa = PBXBuildFile; fileRef = A26780992189D32600ACC097 /* XibLoadableView.swift */; };
		A29458C92343875A00B91121 /* NoteAddController.swift in Sources */ = {isa = PBXBuildFile; fileRef = A29458C82343875A00B91121 /* NoteAddController.swift */; };
		A29458CC23438F6B00B91121 /* RLMNote.swift in Sources */ = {isa = PBXBuildFile; fileRef = A29458CB23438F6B00B91121 /* RLMNote.swift */; };
		A2CA254A234A44390052BDFF /* NoteCell.swift in Sources */ = {isa = PBXBuildFile; fileRef = A2CA2549234A44390052BDFF /* NoteCell.swift */; };
		A2CA254C234A505C0052BDFF /* AlertHelper.swift in Sources */ = {isa = PBXBuildFile; fileRef = A2CA254B234A505C0052BDFF /* AlertHelper.swift */; };
/* End PBXBuildFile section */

/* Begin PBXContainerItemProxy section */
		A267805F2189AADF00ACC097 /* PBXContainerItemProxy */ = {
			isa = PBXContainerItemProxy;
			containerPortal = A26780422189AADD00ACC097 /* Project object */;
			proxyType = 1;
			remoteGlobalIDString = A26780492189AADD00ACC097;
			remoteInfo = "OKR-List";
		};
		A267806A2189AADF00ACC097 /* PBXContainerItemProxy */ = {
			isa = PBXContainerItemProxy;
			containerPortal = A26780422189AADD00ACC097 /* Project object */;
			proxyType = 1;
			remoteGlobalIDString = A26780492189AADD00ACC097;
			remoteInfo = "OKR-List";
		};
/* End PBXContainerItemProxy section */

/* Begin PBXFileReference section */
		0346FE98D3D2CCCBC6DC63D0 /* Pods_OKR_List.framework */ = {isa = PBXFileReference; explicitFileType = wrapper.framework; includeInIndex = 0; path = Pods_OKR_List.framework; sourceTree = BUILT_PRODUCTS_DIR; };
		1D35C586033C42DC3052B28C /* Pods-OKR-ListTests.debug.xcconfig */ = {isa = PBXFileReference; includeInIndex = 1; lastKnownFileType = text.xcconfig; name = "Pods-OKR-ListTests.debug.xcconfig"; path = "Target Support Files/Pods-OKR-ListTests/Pods-OKR-ListTests.debug.xcconfig"; sourceTree = "<group>"; };
		7D2BD3D27A5D4EA1B51472F1 /* Pods-OKR-ListTests.release.xcconfig */ = {isa = PBXFileReference; includeInIndex = 1; lastKnownFileType = text.xcconfig; name = "Pods-OKR-ListTests.release.xcconfig"; path = "Target Support Files/Pods-OKR-ListTests/Pods-OKR-ListTests.release.xcconfig"; sourceTree = "<group>"; };
		98636F30A6B10E8FEDF3CBC3 /* Pods_OKR_ListTests.framework */ = {isa = PBXFileReference; explicitFileType = wrapper.framework; includeInIndex = 0; path = Pods_OKR_ListTests.framework; sourceTree = BUILT_PRODUCTS_DIR; };
		A267804A2189AADD00ACC097 /* OKR-List.app */ = {isa = PBXFileReference; explicitFileType = wrapper.application; includeInIndex = 0; path = "OKR-List.app"; sourceTree = BUILT_PRODUCTS_DIR; };
		A267804D2189AADD00ACC097 /* AppDelegate.swift */ = {isa = PBXFileReference; lastKnownFileType = sourcecode.swift; path = AppDelegate.swift; sourceTree = "<group>"; };
		A267804F2189AADD00ACC097 /* ViewController.swift */ = {isa = PBXFileReference; lastKnownFileType = sourcecode.swift; path = ViewController.swift; sourceTree = "<group>"; };
		A26780522189AADD00ACC097 /* Base */ = {isa = PBXFileReference; lastKnownFileType = file.storyboard; name = Base; path = Base.lproj/Main.storyboard; sourceTree = "<group>"; };
		A26780542189AADF00ACC097 /* Assets.xcassets */ = {isa = PBXFileReference; lastKnownFileType = folder.assetcatalog; path = Assets.xcassets; sourceTree = "<group>"; };
		A26780572189AADF00ACC097 /* Base */ = {isa = PBXFileReference; lastKnownFileType = file.storyboard; name = Base; path = Base.lproj/LaunchScreen.storyboard; sourceTree = "<group>"; };
		A26780592189AADF00ACC097 /* Info.plist */ = {isa = PBXFileReference; lastKnownFileType = text.plist.xml; path = Info.plist; sourceTree = "<group>"; };
		A267805E2189AADF00ACC097 /* OKR-ListTests.xctest */ = {isa = PBXFileReference; explicitFileType = wrapper.cfbundle; includeInIndex = 0; path = "OKR-ListTests.xctest"; sourceTree = BUILT_PRODUCTS_DIR; };
		A26780622189AADF00ACC097 /* OKR_ListTests.swift */ = {isa = PBXFileReference; lastKnownFileType = sourcecode.swift; path = OKR_ListTests.swift; sourceTree = "<group>"; };
		A26780642189AADF00ACC097 /* Info.plist */ = {isa = PBXFileReference; lastKnownFileType = text.plist.xml; path = Info.plist; sourceTree = "<group>"; };
		A26780692189AADF00ACC097 /* OKR-ListUITests.xctest */ = {isa = PBXFileReference; explicitFileType = wrapper.cfbundle; includeInIndex = 0; path = "OKR-ListUITests.xctest"; sourceTree = BUILT_PRODUCTS_DIR; };
		A267806D2189AADF00ACC097 /* OKR_ListUITests.swift */ = {isa = PBXFileReference; lastKnownFileType = sourcecode.swift; path = OKR_ListUITests.swift; sourceTree = "<group>"; };
		A267806F2189AADF00ACC097 /* Info.plist */ = {isa = PBXFileReference; lastKnownFileType = text.plist.xml; path = Info.plist; sourceTree = "<group>"; };
		A26780802189CEE200ACC097 /* Constants.swift */ = {isa = PBXFileReference; lastKnownFileType = sourcecode.swift; path = Constants.swift; sourceTree = "<group>"; };
		A26780822189CF9B00ACC097 /* Localizable.strings */ = {isa = PBXFileReference; lastKnownFileType = text.plist.strings; path = Localizable.strings; sourceTree = "<group>"; };
		A26780842189CFAE00ACC097 /* Strings.swift */ = {isa = PBXFileReference; lastKnownFileType = sourcecode.swift; path = Strings.swift; sourceTree = "<group>"; };
		A26780872189D00B00ACC097 /* UIApplication+Extensions.swift */ = {isa = PBXFileReference; lastKnownFileType = sourcecode.swift; path = "UIApplication+Extensions.swift"; sourceTree = "<group>"; };
		A267808A2189D03A00ACC097 /* Logger.swift */ = {isa = PBXFileReference; lastKnownFileType = sourcecode.swift; path = Logger.swift; sourceTree = "<group>"; };
		A267808D2189D06A00ACC097 /* User.swift */ = {isa = PBXFileReference; lastKnownFileType = sourcecode.swift; path = User.swift; sourceTree = "<group>"; };
		A26780912189D10E00ACC097 /* StorageManager.swift */ = {isa = PBXFileReference; lastKnownFileType = sourcecode.swift; path = StorageManager.swift; sourceTree = "<group>"; };
		A26780952189D2E100ACC097 /* BaseViewController.swift */ = {isa = PBXFileReference; lastKnownFileType = sourcecode.swift; path = BaseViewController.swift; sourceTree = "<group>"; };
		A26780992189D32600ACC097 /* XibLoadableView.swift */ = {isa = PBXFileReference; lastKnownFileType = sourcecode.swift; path = XibLoadableView.swift; sourceTree = "<group>"; };
		A29458C82343875A00B91121 /* NoteAddController.swift */ = {isa = PBXFileReference; lastKnownFileType = sourcecode.swift; path = NoteAddController.swift; sourceTree = "<group>"; };
		A29458CB23438F6B00B91121 /* RLMNote.swift */ = {isa = PBXFileReference; lastKnownFileType = sourcecode.swift; path = RLMNote.swift; sourceTree = "<group>"; };
		A2CA2549234A44390052BDFF /* NoteCell.swift */ = {isa = PBXFileReference; lastKnownFileType = sourcecode.swift; path = NoteCell.swift; sourceTree = "<group>"; };
		A2CA254B234A505C0052BDFF /* AlertHelper.swift */ = {isa = PBXFileReference; lastKnownFileType = sourcecode.swift; path = AlertHelper.swift; sourceTree = "<group>"; };
		A34620C7AEAF959ACCB9BB01 /* Pods-OKR-List.debug.xcconfig */ = {isa = PBXFileReference; includeInIndex = 1; lastKnownFileType = text.xcconfig; name = "Pods-OKR-List.debug.xcconfig"; path = "Target Support Files/Pods-OKR-List/Pods-OKR-List.debug.xcconfig"; sourceTree = "<group>"; };
		AA1D8E54DA9E463F759123EC /* Pods-OKR-List-OKR-ListTests.debug.xcconfig */ = {isa = PBXFileReference; includeInIndex = 1; lastKnownFileType = text.xcconfig; name = "Pods-OKR-List-OKR-ListTests.debug.xcconfig"; path = "Target Support Files/Pods-OKR-List-OKR-ListTests/Pods-OKR-List-OKR-ListTests.debug.xcconfig"; sourceTree = "<group>"; };
		EEF36F01B9904DF67839BD74 /* Pods-OKR-List-OKR-ListTests.release.xcconfig */ = {isa = PBXFileReference; includeInIndex = 1; lastKnownFileType = text.xcconfig; name = "Pods-OKR-List-OKR-ListTests.release.xcconfig"; path = "Target Support Files/Pods-OKR-List-OKR-ListTests/Pods-OKR-List-OKR-ListTests.release.xcconfig"; sourceTree = "<group>"; };
		F617A97EE9BC7ECC3DBD0A72 /* Pods-OKR-List.release.xcconfig */ = {isa = PBXFileReference; includeInIndex = 1; lastKnownFileType = text.xcconfig; name = "Pods-OKR-List.release.xcconfig"; path = "Target Support Files/Pods-OKR-List/Pods-OKR-List.release.xcconfig"; sourceTree = "<group>"; };
/* End PBXFileReference section */

/* Begin PBXFrameworksBuildPhase section */
		A26780472189AADD00ACC097 /* Frameworks */ = {
			isa = PBXFrameworksBuildPhase;
			buildActionMask = 2147483647;
			files = (
				953A18B9349C4B8F64AA1834 /* Pods_OKR_List.framework in Frameworks */,
			);
			runOnlyForDeploymentPostprocessing = 0;
		};
		A267805B2189AADF00ACC097 /* Frameworks */ = {
			isa = PBXFrameworksBuildPhase;
			buildActionMask = 2147483647;
			files = (
				7E05591DCDB40E7B1C561530 /* Pods_OKR_ListTests.framework in Frameworks */,
			);
			runOnlyForDeploymentPostprocessing = 0;
		};
		A26780662189AADF00ACC097 /* Frameworks */ = {
			isa = PBXFrameworksBuildPhase;
			buildActionMask = 2147483647;
			files = (
			);
			runOnlyForDeploymentPostprocessing = 0;
		};
/* End PBXFrameworksBuildPhase section */

/* Begin PBXGroup section */
		540F71ED734F0C4732CD939C /* Pods */ = {
			isa = PBXGroup;
			children = (
				A34620C7AEAF959ACCB9BB01 /* Pods-OKR-List.debug.xcconfig */,
				F617A97EE9BC7ECC3DBD0A72 /* Pods-OKR-List.release.xcconfig */,
				AA1D8E54DA9E463F759123EC /* Pods-OKR-List-OKR-ListTests.debug.xcconfig */,
				EEF36F01B9904DF67839BD74 /* Pods-OKR-List-OKR-ListTests.release.xcconfig */,
				1D35C586033C42DC3052B28C /* Pods-OKR-ListTests.debug.xcconfig */,
				7D2BD3D27A5D4EA1B51472F1 /* Pods-OKR-ListTests.release.xcconfig */,
			);
			path = Pods;
			sourceTree = "<group>";
		};
		7D4217BDA249526127803735 /* Frameworks */ = {
			isa = PBXGroup;
			children = (
				0346FE98D3D2CCCBC6DC63D0 /* Pods_OKR_List.framework */,
				98636F30A6B10E8FEDF3CBC3 /* Pods_OKR_ListTests.framework */,
			);
			name = Frameworks;
			sourceTree = "<group>";
		};
		A26780412189AADD00ACC097 = {
			isa = PBXGroup;
			children = (
				A267804C2189AADD00ACC097 /* OKR-List */,
				A26780612189AADF00ACC097 /* OKR-ListTests */,
				A267806C2189AADF00ACC097 /* OKR-ListUITests */,
				A267804B2189AADD00ACC097 /* Products */,
				540F71ED734F0C4732CD939C /* Pods */,
				7D4217BDA249526127803735 /* Frameworks */,
			);
			sourceTree = "<group>";
		};
		A267804B2189AADD00ACC097 /* Products */ = {
			isa = PBXGroup;
			children = (
				A267804A2189AADD00ACC097 /* OKR-List.app */,
				A267805E2189AADF00ACC097 /* OKR-ListTests.xctest */,
				A26780692189AADF00ACC097 /* OKR-ListUITests.xctest */,
			);
			name = Products;
			sourceTree = "<group>";
		};
		A267804C2189AADD00ACC097 /* OKR-List */ = {
			isa = PBXGroup;
			children = (
				A267807B2189CE4A00ACC097 /* Classes */,
				A267807C2189CE5800ACC097 /* Resources */,
				A267807D2189CE6300ACC097 /* Supporting Files */,
			);
			path = "OKR-List";
			sourceTree = "<group>";
		};
		A26780612189AADF00ACC097 /* OKR-ListTests */ = {
			isa = PBXGroup;
			children = (
				A26780622189AADF00ACC097 /* OKR_ListTests.swift */,
				A26780642189AADF00ACC097 /* Info.plist */,
			);
			path = "OKR-ListTests";
			sourceTree = "<group>";
		};
		A267806C2189AADF00ACC097 /* OKR-ListUITests */ = {
			isa = PBXGroup;
			children = (
				A267806D2189AADF00ACC097 /* OKR_ListUITests.swift */,
				A267806F2189AADF00ACC097 /* Info.plist */,
			);
			path = "OKR-ListUITests";
			sourceTree = "<group>";
		};
		A267807B2189CE4A00ACC097 /* Classes */ = {
			isa = PBXGroup;
			children = (
				A267807E2189CEBD00ACC097 /* Application */,
				A267807F2189CECF00ACC097 /* Constants */,
				A26780862189CFDC00ACC097 /* Extensions */,
				A26780892189D02400ACC097 /* Helpers */,
				A267808C2189D05400ACC097 /* Models */,
				A267808F2189D0A600ACC097 /* Services */,
				A26780932189D2B300ACC097 /* View Controllers */,
				A26780982189D31300ACC097 /* Views */,
			);
			path = Classes;
			sourceTree = "<group>";
		};
		A267807C2189CE5800ACC097 /* Resources */ = {
			isa = PBXGroup;
			children = (
				A26780542189AADF00ACC097 /* Assets.xcassets */,
				A26780562189AADF00ACC097 /* LaunchScreen.storyboard */,
				A26780822189CF9B00ACC097 /* Localizable.strings */,
			);
			path = Resources;
			sourceTree = "<group>";
		};
		A267807D2189CE6300ACC097 /* Supporting Files */ = {
			isa = PBXGroup;
			children = (
				A26780592189AADF00ACC097 /* Info.plist */,
			);
			path = "Supporting Files";
			sourceTree = "<group>";
		};
		A267807E2189CEBD00ACC097 /* Application */ = {
			isa = PBXGroup;
			children = (
				A267804D2189AADD00ACC097 /* AppDelegate.swift */,
			);
			path = Application;
			sourceTree = "<group>";
		};
		A267807F2189CECF00ACC097 /* Constants */ = {
			isa = PBXGroup;
			children = (
				A26780802189CEE200ACC097 /* Constants.swift */,
				A26780842189CFAE00ACC097 /* Strings.swift */,
			);
			path = Constants;
			sourceTree = "<group>";
		};
		A26780862189CFDC00ACC097 /* Extensions */ = {
			isa = PBXGroup;
			children = (
				A26780872189D00B00ACC097 /* UIApplication+Extensions.swift */,
			);
			path = Extensions;
			sourceTree = "<group>";
		};
		A26780892189D02400ACC097 /* Helpers */ = {
			isa = PBXGroup;
			children = (
				A267808A2189D03A00ACC097 /* Logger.swift */,
				A2CA254B234A505C0052BDFF /* AlertHelper.swift */,
			);
			path = Helpers;
			sourceTree = "<group>";
		};
		A267808C2189D05400ACC097 /* Models */ = {
			isa = PBXGroup;
			children = (
				A267808D2189D06A00ACC097 /* User.swift */,
			);
			path = Models;
			sourceTree = "<group>";
		};
		A267808F2189D0A600ACC097 /* Services */ = {
			isa = PBXGroup;
			children = (
				A29458CA23438F5400B91121 /* Objects */,
				A26780902189D0B300ACC097 /* Data Storage */,
			);
			path = Services;
			sourceTree = "<group>";
		};
		A26780902189D0B300ACC097 /* Data Storage */ = {
			isa = PBXGroup;
			children = (
				A26780912189D10E00ACC097 /* StorageManager.swift */,
			);
			path = "Data Storage";
			sourceTree = "<group>";
		};
		A26780932189D2B300ACC097 /* View Controllers */ = {
			isa = PBXGroup;
			children = (
				A26780972189D2F900ACC097 /* Main */,
				A26780942189D2C200ACC097 /* Base Controllers */,
			);
			path = "View Controllers";
			sourceTree = "<group>";
		};
		A26780942189D2C200ACC097 /* Base Controllers */ = {
			isa = PBXGroup;
			children = (
				A26780952189D2E100ACC097 /* BaseViewController.swift */,
			);
			path = "Base Controllers";
			sourceTree = "<group>";
		};
		A26780972189D2F900ACC097 /* Main */ = {
			isa = PBXGroup;
			children = (
				A267804F2189AADD00ACC097 /* ViewController.swift */,
				A26780512189AADD00ACC097 /* Main.storyboard */,
				A29458C82343875A00B91121 /* NoteAddController.swift */,
				A2CA2549234A44390052BDFF /* NoteCell.swift */,
			);
			path = Main;
			sourceTree = "<group>";
		};
		A26780982189D31300ACC097 /* Views */ = {
			isa = PBXGroup;
			children = (
				A26780992189D32600ACC097 /* XibLoadableView.swift */,
			);
			path = Views;
			sourceTree = "<group>";
		};
		A29458CA23438F5400B91121 /* Objects */ = {
			isa = PBXGroup;
			children = (
				A29458CB23438F6B00B91121 /* RLMNote.swift */,
			);
			path = Objects;
			sourceTree = "<group>";
		};
/* End PBXGroup section */

/* Begin PBXNativeTarget section */
		A26780492189AADD00ACC097 /* OKR-List */ = {
			isa = PBXNativeTarget;
			buildConfigurationList = A26780722189AADF00ACC097 /* Build configuration list for PBXNativeTarget "OKR-List" */;
			buildPhases = (
				3D276AE891F390E9D636049D /* [CP] Check Pods Manifest.lock */,
				A26780462189AADD00ACC097 /* Sources */,
				A26780472189AADD00ACC097 /* Frameworks */,
				A26780482189AADD00ACC097 /* Resources */,
				4B36184D5ABA4B48FA39094F /* [CP] Embed Pods Frameworks */,
			);
			buildRules = (
			);
			dependencies = (
			);
			name = "OKR-List";
			productName = "OKR-List";
			productReference = A267804A2189AADD00ACC097 /* OKR-List.app */;
			productType = "com.apple.product-type.application";
		};
		A267805D2189AADF00ACC097 /* OKR-ListTests */ = {
			isa = PBXNativeTarget;
			buildConfigurationList = A26780752189AADF00ACC097 /* Build configuration list for PBXNativeTarget "OKR-ListTests" */;
			buildPhases = (
				F3481B1238803CB8A4795B0E /* [CP] Check Pods Manifest.lock */,
				A267805A2189AADF00ACC097 /* Sources */,
				A267805B2189AADF00ACC097 /* Frameworks */,
				A267805C2189AADF00ACC097 /* Resources */,
			);
			buildRules = (
			);
			dependencies = (
				A26780602189AADF00ACC097 /* PBXTargetDependency */,
			);
			name = "OKR-ListTests";
			productName = "OKR-ListTests";
			productReference = A267805E2189AADF00ACC097 /* OKR-ListTests.xctest */;
			productType = "com.apple.product-type.bundle.unit-test";
		};
		A26780682189AADF00ACC097 /* OKR-ListUITests */ = {
			isa = PBXNativeTarget;
			buildConfigurationList = A26780782189AADF00ACC097 /* Build configuration list for PBXNativeTarget "OKR-ListUITests" */;
			buildPhases = (
				A26780652189AADF00ACC097 /* Sources */,
				A26780662189AADF00ACC097 /* Frameworks */,
				A26780672189AADF00ACC097 /* Resources */,
			);
			buildRules = (
			);
			dependencies = (
				A267806B2189AADF00ACC097 /* PBXTargetDependency */,
			);
			name = "OKR-ListUITests";
			productName = "OKR-ListUITests";
			productReference = A26780692189AADF00ACC097 /* OKR-ListUITests.xctest */;
			productType = "com.apple.product-type.bundle.ui-testing";
		};
/* End PBXNativeTarget section */

/* Begin PBXProject section */
		A26780422189AADD00ACC097 /* Project object */ = {
			isa = PBXProject;
			attributes = {
				LastSwiftUpdateCheck = 1010;
				LastUpgradeCheck = 1010;
				ORGANIZATIONNAME = "Alexander Yalchik";
				TargetAttributes = {
					A26780492189AADD00ACC097 = {
						CreatedOnToolsVersion = 10.1;
						LastSwiftMigration = 1100;
					};
					A267805D2189AADF00ACC097 = {
						CreatedOnToolsVersion = 10.1;
						LastSwiftMigration = 1100;
						TestTargetID = A26780492189AADD00ACC097;
					};
					A26780682189AADF00ACC097 = {
						CreatedOnToolsVersion = 10.1;
						LastSwiftMigration = 1100;
						TestTargetID = A26780492189AADD00ACC097;
					};
				};
			};
			buildConfigurationList = A26780452189AADD00ACC097 /* Build configuration list for PBXProject "OKR-List" */;
			compatibilityVersion = "Xcode 9.3";
			developmentRegion = en;
			hasScannedForEncodings = 0;
			knownRegions = (
				en,
				Base,
			);
			mainGroup = A26780412189AADD00ACC097;
			productRefGroup = A267804B2189AADD00ACC097 /* Products */;
			projectDirPath = "";
			projectRoot = "";
			targets = (
				A26780492189AADD00ACC097 /* OKR-List */,
				A267805D2189AADF00ACC097 /* OKR-ListTests */,
				A26780682189AADF00ACC097 /* OKR-ListUITests */,
			);
		};
/* End PBXProject section */

/* Begin PBXResourcesBuildPhase section */
		A26780482189AADD00ACC097 /* Resources */ = {
			isa = PBXResourcesBuildPhase;
			buildActionMask = 2147483647;
			files = (
				A26780582189AADF00ACC097 /* LaunchScreen.storyboard in Resources */,
				A26780832189CF9B00ACC097 /* Localizable.strings in Resources */,
				A26780552189AADF00ACC097 /* Assets.xcassets in Resources */,
				A26780532189AADD00ACC097 /* Main.storyboard in Resources */,
			);
			runOnlyForDeploymentPostprocessing = 0;
		};
		A267805C2189AADF00ACC097 /* Resources */ = {
			isa = PBXResourcesBuildPhase;
			buildActionMask = 2147483647;
			files = (
			);
			runOnlyForDeploymentPostprocessing = 0;
		};
		A26780672189AADF00ACC097 /* Resources */ = {
			isa = PBXResourcesBuildPhase;
			buildActionMask = 2147483647;
			files = (
			);
			runOnlyForDeploymentPostprocessing = 0;
		};
/* End PBXResourcesBuildPhase section */

/* Begin PBXShellScriptBuildPhase section */
		3D276AE891F390E9D636049D /* [CP] Check Pods Manifest.lock */ = {
			isa = PBXShellScriptBuildPhase;
			buildActionMask = 2147483647;
			files = (
			);
			inputFileListPaths = (
			);
			inputPaths = (
				"${PODS_PODFILE_DIR_PATH}/Podfile.lock",
				"${PODS_ROOT}/Manifest.lock",
			);
			name = "[CP] Check Pods Manifest.lock";
			outputFileListPaths = (
			);
			outputPaths = (
				"$(DERIVED_FILE_DIR)/Pods-OKR-List-checkManifestLockResult.txt",
			);
			runOnlyForDeploymentPostprocessing = 0;
			shellPath = /bin/sh;
			shellScript = "diff \"${PODS_PODFILE_DIR_PATH}/Podfile.lock\" \"${PODS_ROOT}/Manifest.lock\" > /dev/null\nif [ $? != 0 ] ; then\n    # print error to STDERR\n    echo \"error: The sandbox is not in sync with the Podfile.lock. Run 'pod install' or update your CocoaPods installation.\" >&2\n    exit 1\nfi\n# This output is used by Xcode 'outputs' to avoid re-running this script phase.\necho \"SUCCESS\" > \"${SCRIPT_OUTPUT_FILE_0}\"\n";
			showEnvVarsInLog = 0;
		};
		4B36184D5ABA4B48FA39094F /* [CP] Embed Pods Frameworks */ = {
			isa = PBXShellScriptBuildPhase;
			buildActionMask = 2147483647;
			files = (
			);
			inputFileListPaths = (
				"${PODS_ROOT}/Target Support Files/Pods-OKR-List/Pods-OKR-List-frameworks-${CONFIGURATION}-input-files.xcfilelist",
			);
			name = "[CP] Embed Pods Frameworks";
			outputFileListPaths = (
				"${PODS_ROOT}/Target Support Files/Pods-OKR-List/Pods-OKR-List-frameworks-${CONFIGURATION}-output-files.xcfilelist",
			);
			runOnlyForDeploymentPostprocessing = 0;
			shellPath = /bin/sh;
			shellScript = "\"${PODS_ROOT}/Target Support Files/Pods-OKR-List/Pods-OKR-List-frameworks.sh\"\n";
			showEnvVarsInLog = 0;
		};
		F3481B1238803CB8A4795B0E /* [CP] Check Pods Manifest.lock */ = {
			isa = PBXShellScriptBuildPhase;
			buildActionMask = 2147483647;
			files = (
			);
			inputFileListPaths = (
			);
			inputPaths = (
				"${PODS_PODFILE_DIR_PATH}/Podfile.lock",
				"${PODS_ROOT}/Manifest.lock",
			);
			name = "[CP] Check Pods Manifest.lock";
			outputFileListPaths = (
			);
			outputPaths = (
				"$(DERIVED_FILE_DIR)/Pods-OKR-ListTests-checkManifestLockResult.txt",
			);
			runOnlyForDeploymentPostprocessing = 0;
			shellPath = /bin/sh;
			shellScript = "diff \"${PODS_PODFILE_DIR_PATH}/Podfile.lock\" \"${PODS_ROOT}/Manifest.lock\" > /dev/null\nif [ $? != 0 ] ; then\n    # print error to STDERR\n    echo \"error: The sandbox is not in sync with the Podfile.lock. Run 'pod install' or update your CocoaPods installation.\" >&2\n    exit 1\nfi\n# This output is used by Xcode 'outputs' to avoid re-running this script phase.\necho \"SUCCESS\" > \"${SCRIPT_OUTPUT_FILE_0}\"\n";
			showEnvVarsInLog = 0;
		};
/* End PBXShellScriptBuildPhase section */

/* Begin PBXSourcesBuildPhase section */
		A26780462189AADD00ACC097 /* Sources */ = {
			isa = PBXSourcesBuildPhase;
			buildActionMask = 2147483647;
			files = (
				A26780882189D00B00ACC097 /* UIApplication+Extensions.swift in Sources */,
				A2CA254A234A44390052BDFF /* NoteCell.swift in Sources */,
				A267808B2189D03A00ACC097 /* Logger.swift in Sources */,
				A26780502189AADD00ACC097 /* ViewController.swift in Sources */,
				A2CA254C234A505C0052BDFF /* AlertHelper.swift in Sources */,
				A267804E2189AADD00ACC097 /* AppDelegate.swift in Sources */,
				A26780852189CFAE00ACC097 /* Strings.swift in Sources */,
				A26780962189D2E100ACC097 /* BaseViewController.swift in Sources */,
				A29458C92343875A00B91121 /* NoteAddController.swift in Sources */,
				A267809A2189D32600ACC097 /* XibLoadableView.swift in Sources */,
				A26780812189CEE200ACC097 /* Constants.swift in Sources */,
				A29458CC23438F6B00B91121 /* RLMNote.swift in Sources */,
				A267808E2189D06A00ACC097 /* User.swift in Sources */,
				A26780922189D10E00ACC097 /* StorageManager.swift in Sources */,
			);
			runOnlyForDeploymentPostprocessing = 0;
		};
		A267805A2189AADF00ACC097 /* Sources */ = {
			isa = PBXSourcesBuildPhase;
			buildActionMask = 2147483647;
			files = (
				A26780632189AADF00ACC097 /* OKR_ListTests.swift in Sources */,
			);
			runOnlyForDeploymentPostprocessing = 0;
		};
		A26780652189AADF00ACC097 /* Sources */ = {
			isa = PBXSourcesBuildPhase;
			buildActionMask = 2147483647;
			files = (
				A267806E2189AADF00ACC097 /* OKR_ListUITests.swift in Sources */,
			);
			runOnlyForDeploymentPostprocessing = 0;
		};
/* End PBXSourcesBuildPhase section */

/* Begin PBXTargetDependency section */
		A26780602189AADF00ACC097 /* PBXTargetDependency */ = {
			isa = PBXTargetDependency;
			target = A26780492189AADD00ACC097 /* OKR-List */;
			targetProxy = A267805F2189AADF00ACC097 /* PBXContainerItemProxy */;
		};
		A267806B2189AADF00ACC097 /* PBXTargetDependency */ = {
			isa = PBXTargetDependency;
			target = A26780492189AADD00ACC097 /* OKR-List */;
			targetProxy = A267806A2189AADF00ACC097 /* PBXContainerItemProxy */;
		};
/* End PBXTargetDependency section */

/* Begin PBXVariantGroup section */
		A26780512189AADD00ACC097 /* Main.storyboard */ = {
			isa = PBXVariantGroup;
			children = (
				A26780522189AADD00ACC097 /* Base */,
			);
			name = Main.storyboard;
			sourceTree = "<group>";
		};
		A26780562189AADF00ACC097 /* LaunchScreen.storyboard */ = {
			isa = PBXVariantGroup;
			children = (
				A26780572189AADF00ACC097 /* Base */,
			);
			name = LaunchScreen.storyboard;
			sourceTree = "<group>";
		};
/* End PBXVariantGroup section */

/* Begin XCBuildConfiguration section */
		A26780702189AADF00ACC097 /* Debug */ = {
			isa = XCBuildConfiguration;
			buildSettings = {
				ALWAYS_SEARCH_USER_PATHS = NO;
				CLANG_ANALYZER_NONNULL = YES;
				CLANG_ANALYZER_NUMBER_OBJECT_CONVERSION = YES_AGGRESSIVE;
				CLANG_CXX_LANGUAGE_STANDARD = "gnu++14";
				CLANG_CXX_LIBRARY = "libc++";
				CLANG_ENABLE_MODULES = YES;
				CLANG_ENABLE_OBJC_ARC = YES;
				CLANG_ENABLE_OBJC_WEAK = YES;
				CLANG_WARN_BLOCK_CAPTURE_AUTORELEASING = YES;
				CLANG_WARN_BOOL_CONVERSION = YES;
				CLANG_WARN_COMMA = YES;
				CLANG_WARN_CONSTANT_CONVERSION = YES;
				CLANG_WARN_DEPRECATED_OBJC_IMPLEMENTATIONS = YES;
				CLANG_WARN_DIRECT_OBJC_ISA_USAGE = YES_ERROR;
				CLANG_WARN_DOCUMENTATION_COMMENTS = YES;
				CLANG_WARN_EMPTY_BODY = YES;
				CLANG_WARN_ENUM_CONVERSION = YES;
				CLANG_WARN_INFINITE_RECURSION = YES;
				CLANG_WARN_INT_CONVERSION = YES;
				CLANG_WARN_NON_LITERAL_NULL_CONVERSION = YES;
				CLANG_WARN_OBJC_IMPLICIT_RETAIN_SELF = YES;
				CLANG_WARN_OBJC_LITERAL_CONVERSION = YES;
				CLANG_WARN_OBJC_ROOT_CLASS = YES_ERROR;
				CLANG_WARN_RANGE_LOOP_ANALYSIS = YES;
				CLANG_WARN_STRICT_PROTOTYPES = YES;
				CLANG_WARN_SUSPICIOUS_MOVE = YES;
				CLANG_WARN_UNGUARDED_AVAILABILITY = YES_AGGRESSIVE;
				CLANG_WARN_UNREACHABLE_CODE = YES;
				CLANG_WARN__DUPLICATE_METHOD_MATCH = YES;
				CODE_SIGN_IDENTITY = "iPhone Developer";
				COPY_PHASE_STRIP = NO;
				DEBUG_INFORMATION_FORMAT = dwarf;
				ENABLE_STRICT_OBJC_MSGSEND = YES;
				ENABLE_TESTABILITY = YES;
				GCC_C_LANGUAGE_STANDARD = gnu11;
				GCC_DYNAMIC_NO_PIC = NO;
				GCC_NO_COMMON_BLOCKS = YES;
				GCC_OPTIMIZATION_LEVEL = 0;
				GCC_PREPROCESSOR_DEFINITIONS = (
					"DEBUG=1",
					"$(inherited)",
				);
				GCC_WARN_64_TO_32_BIT_CONVERSION = YES;
				GCC_WARN_ABOUT_RETURN_TYPE = YES_ERROR;
				GCC_WARN_UNDECLARED_SELECTOR = YES;
				GCC_WARN_UNINITIALIZED_AUTOS = YES_AGGRESSIVE;
				GCC_WARN_UNUSED_FUNCTION = YES;
				GCC_WARN_UNUSED_VARIABLE = YES;
				IPHONEOS_DEPLOYMENT_TARGET = 12.1;
				MTL_ENABLE_DEBUG_INFO = INCLUDE_SOURCE;
				MTL_FAST_MATH = YES;
				ONLY_ACTIVE_ARCH = YES;
				SDKROOT = iphoneos;
				SWIFT_ACTIVE_COMPILATION_CONDITIONS = DEBUG;
				SWIFT_OPTIMIZATION_LEVEL = "-Onone";
			};
			name = Debug;
		};
		A26780712189AADF00ACC097 /* Release */ = {
			isa = XCBuildConfiguration;
			buildSettings = {
				ALWAYS_SEARCH_USER_PATHS = NO;
				CLANG_ANALYZER_NONNULL = YES;
				CLANG_ANALYZER_NUMBER_OBJECT_CONVERSION = YES_AGGRESSIVE;
				CLANG_CXX_LANGUAGE_STANDARD = "gnu++14";
				CLANG_CXX_LIBRARY = "libc++";
				CLANG_ENABLE_MODULES = YES;
				CLANG_ENABLE_OBJC_ARC = YES;
				CLANG_ENABLE_OBJC_WEAK = YES;
				CLANG_WARN_BLOCK_CAPTURE_AUTORELEASING = YES;
				CLANG_WARN_BOOL_CONVERSION = YES;
				CLANG_WARN_COMMA = YES;
				CLANG_WARN_CONSTANT_CONVERSION = YES;
				CLANG_WARN_DEPRECATED_OBJC_IMPLEMENTATIONS = YES;
				CLANG_WARN_DIRECT_OBJC_ISA_USAGE = YES_ERROR;
				CLANG_WARN_DOCUMENTATION_COMMENTS = YES;
				CLANG_WARN_EMPTY_BODY = YES;
				CLANG_WARN_ENUM_CONVERSION = YES;
				CLANG_WARN_INFINITE_RECURSION = YES;
				CLANG_WARN_INT_CONVERSION = YES;
				CLANG_WARN_NON_LITERAL_NULL_CONVERSION = YES;
				CLANG_WARN_OBJC_IMPLICIT_RETAIN_SELF = YES;
				CLANG_WARN_OBJC_LITERAL_CONVERSION = YES;
				CLANG_WARN_OBJC_ROOT_CLASS = YES_ERROR;
				CLANG_WARN_RANGE_LOOP_ANALYSIS = YES;
				CLANG_WARN_STRICT_PROTOTYPES = YES;
				CLANG_WARN_SUSPICIOUS_MOVE = YES;
				CLANG_WARN_UNGUARDED_AVAILABILITY = YES_AGGRESSIVE;
				CLANG_WARN_UNREACHABLE_CODE = YES;
				CLANG_WARN__DUPLICATE_METHOD_MATCH = YES;
				CODE_SIGN_IDENTITY = "iPhone Developer";
				COPY_PHASE_STRIP = NO;
				DEBUG_INFORMATION_FORMAT = "dwarf-with-dsym";
				ENABLE_NS_ASSERTIONS = NO;
				ENABLE_STRICT_OBJC_MSGSEND = YES;
				GCC_C_LANGUAGE_STANDARD = gnu11;
				GCC_NO_COMMON_BLOCKS = YES;
				GCC_WARN_64_TO_32_BIT_CONVERSION = YES;
				GCC_WARN_ABOUT_RETURN_TYPE = YES_ERROR;
				GCC_WARN_UNDECLARED_SELECTOR = YES;
				GCC_WARN_UNINITIALIZED_AUTOS = YES_AGGRESSIVE;
				GCC_WARN_UNUSED_FUNCTION = YES;
				GCC_WARN_UNUSED_VARIABLE = YES;
				IPHONEOS_DEPLOYMENT_TARGET = 12.1;
				MTL_ENABLE_DEBUG_INFO = NO;
				MTL_FAST_MATH = YES;
				SDKROOT = iphoneos;
				SWIFT_COMPILATION_MODE = wholemodule;
				SWIFT_OPTIMIZATION_LEVEL = "-O";
				VALIDATE_PRODUCT = YES;
			};
			name = Release;
		};
		A26780732189AADF00ACC097 /* Debug */ = {
			isa = XCBuildConfiguration;
			baseConfigurationReference = A34620C7AEAF959ACCB9BB01 /* Pods-OKR-List.debug.xcconfig */;
			buildSettings = {
				ASSETCATALOG_COMPILER_APPICON_NAME = AppIcon;
				CODE_SIGN_STYLE = Automatic;
				DEVELOPMENT_TEAM = L84MEYNYS7;
				INFOPLIST_FILE = "$(SRCROOT)/OKR-List/Supporting Files/Info.plist";
				IPHONEOS_DEPLOYMENT_TARGET = 12.0;
				LD_RUNPATH_SEARCH_PATHS = (
					"$(inherited)",
					"@executable_path/Frameworks",
				);
				PRODUCT_BUNDLE_IDENTIFIER = "me.omghavefun.OKR-List";
				PRODUCT_NAME = "$(TARGET_NAME)";
				SWIFT_VERSION = 5.0;
				TARGETED_DEVICE_FAMILY = 1;
			};
			name = Debug;
		};
		A26780742189AADF00ACC097 /* Release */ = {
			isa = XCBuildConfiguration;
			baseConfigurationReference = F617A97EE9BC7ECC3DBD0A72 /* Pods-OKR-List.release.xcconfig */;
			buildSettings = {
				ASSETCATALOG_COMPILER_APPICON_NAME = AppIcon;
				CODE_SIGN_STYLE = Automatic;
				DEVELOPMENT_TEAM = L84MEYNYS7;
				INFOPLIST_FILE = "$(SRCROOT)/OKR-List/Supporting Files/Info.plist";
				IPHONEOS_DEPLOYMENT_TARGET = 12.0;
				LD_RUNPATH_SEARCH_PATHS = (
					"$(inherited)",
					"@executable_path/Frameworks",
				);
				PRODUCT_BUNDLE_IDENTIFIER = "me.omghavefun.OKR-List";
				PRODUCT_NAME = "$(TARGET_NAME)";
				SWIFT_VERSION = 5.0;
				TARGETED_DEVICE_FAMILY = 1;
			};
			name = Release;
		};
		A26780762189AADF00ACC097 /* Debug */ = {
			isa = XCBuildConfiguration;
			baseConfigurationReference = 1D35C586033C42DC3052B28C /* Pods-OKR-ListTests.debug.xcconfig */;
			buildSettings = {
				ALWAYS_EMBED_SWIFT_STANDARD_LIBRARIES = YES;
				BUNDLE_LOADER = "$(TEST_HOST)";
				CODE_SIGN_STYLE = Automatic;
				DEVELOPMENT_TEAM = L84MEYNYS7;
				INFOPLIST_FILE = "OKR-ListTests/Info.plist";
				LD_RUNPATH_SEARCH_PATHS = (
					"$(inherited)",
					"@executable_path/Frameworks",
					"@loader_path/Frameworks",
				);
				PRODUCT_BUNDLE_IDENTIFIER = "me.omghavefun.OKR-ListTests";
				PRODUCT_NAME = "$(TARGET_NAME)";
				SWIFT_VERSION = 5.0;
				TARGETED_DEVICE_FAMILY = "1,2";
				TEST_HOST = "$(BUILT_PRODUCTS_DIR)/OKR-List.app/OKR-List";
			};
			name = Debug;
		};
		A26780772189AADF00ACC097 /* Release */ = {
			isa = XCBuildConfiguration;
			baseConfigurationReference = 7D2BD3D27A5D4EA1B51472F1 /* Pods-OKR-ListTests.release.xcconfig */;
			buildSettings = {
				ALWAYS_EMBED_SWIFT_STANDARD_LIBRARIES = YES;
				BUNDLE_LOADER = "$(TEST_HOST)";
				CODE_SIGN_STYLE = Automatic;
				DEVELOPMENT_TEAM = L84MEYNYS7;
				INFOPLIST_FILE = "OKR-ListTests/Info.plist";
				LD_RUNPATH_SEARCH_PATHS = (
					"$(inherited)",
					"@executable_path/Frameworks",
					"@loader_path/Frameworks",
				);
				PRODUCT_BUNDLE_IDENTIFIER = "me.omghavefun.OKR-ListTests";
				PRODUCT_NAME = "$(TARGET_NAME)";
				SWIFT_VERSION = 5.0;
				TARGETED_DEVICE_FAMILY = "1,2";
				TEST_HOST = "$(BUILT_PRODUCTS_DIR)/OKR-List.app/OKR-List";
			};
			name = Release;
		};
		A26780792189AADF00ACC097 /* Debug */ = {
			isa = XCBuildConfiguration;
			buildSettings = {
				ALWAYS_EMBED_SWIFT_STANDARD_LIBRARIES = YES;
				CODE_SIGN_STYLE = Automatic;
				DEVELOPMENT_TEAM = L84MEYNYS7;
				INFOPLIST_FILE = "OKR-ListUITests/Info.plist";
				LD_RUNPATH_SEARCH_PATHS = (
					"$(inherited)",
					"@executable_path/Frameworks",
					"@loader_path/Frameworks",
				);
				PRODUCT_BUNDLE_IDENTIFIER = "me.omghavefun.OKR-ListUITests";
				PRODUCT_NAME = "$(TARGET_NAME)";
				SWIFT_VERSION = 5.0;
				TARGETED_DEVICE_FAMILY = "1,2";
				TEST_TARGET_NAME = "OKR-List";
			};
			name = Debug;
		};
		A267807A2189AADF00ACC097 /* Release */ = {
			isa = XCBuildConfiguration;
			buildSettings = {
				ALWAYS_EMBED_SWIFT_STANDARD_LIBRARIES = YES;
				CODE_SIGN_STYLE = Automatic;
				DEVELOPMENT_TEAM = L84MEYNYS7;
				INFOPLIST_FILE = "OKR-ListUITests/Info.plist";
				LD_RUNPATH_SEARCH_PATHS = (
					"$(inherited)",
					"@executable_path/Frameworks",
					"@loader_path/Frameworks",
				);
				PRODUCT_BUNDLE_IDENTIFIER = "me.omghavefun.OKR-ListUITests";
				PRODUCT_NAME = "$(TARGET_NAME)";
				SWIFT_VERSION = 5.0;
				TARGETED_DEVICE_FAMILY = "1,2";
				TEST_TARGET_NAME = "OKR-List";
			};
			name = Release;
		};
/* End XCBuildConfiguration section */

/* Begin XCConfigurationList section */
		A26780452189AADD00ACC097 /* Build configuration list for PBXProject "OKR-List" */ = {
			isa = XCConfigurationList;
			buildConfigurations = (
				A26780702189AADF00ACC097 /* Debug */,
				A26780712189AADF00ACC097 /* Release */,
			);
			defaultConfigurationIsVisible = 0;
			defaultConfigurationName = Release;
		};
		A26780722189AADF00ACC097 /* Build configuration list for PBXNativeTarget "OKR-List" */ = {
			isa = XCConfigurationList;
			buildConfigurations = (
				A26780732189AADF00ACC097 /* Debug */,
				A26780742189AADF00ACC097 /* Release */,
			);
			defaultConfigurationIsVisible = 0;
			defaultConfigurationName = Release;
		};
		A26780752189AADF00ACC097 /* Build configuration list for PBXNativeTarget "OKR-ListTests" */ = {
			isa = XCConfigurationList;
			buildConfigurations = (
				A26780762189AADF00ACC097 /* Debug */,
				A26780772189AADF00ACC097 /* Release */,
			);
			defaultConfigurationIsVisible = 0;
			defaultConfigurationName = Release;
		};
		A26780782189AADF00ACC097 /* Build configuration list for PBXNativeTarget "OKR-ListUITests" */ = {
			isa = XCConfigurationList;
			buildConfigurations = (
				A26780792189AADF00ACC097 /* Debug */,
				A267807A2189AADF00ACC097 /* Release */,
			);
			defaultConfigurationIsVisible = 0;
			defaultConfigurationName = Release;
		};
/* End XCConfigurationList section */
	};
	rootObject = A26780422189AADD00ACC097 /* Project object */;
}
